
Microsoft Visual Studio Solution File, Format Version 12.00
# Visual Studio Version 16
VisualStudioVersion = 16.0.31005.135
MinimumVisualStudioVersion = 10.0.40219.1
Project("{9A19103F-16F7-4668-BE54-9A1E7A4F7556}") = "Elsa.Samples", "Elsa.Samples\Elsa.Samples.csproj", "{A0DDEEEC-9525-4F88-91A9-3B3460D030AE}"
EndProject
Project("{E53339B2-1760-4266-BCC7-CA923CBCF16C}") = "docker-compose", "docker-compose.dcproj", "{15C1626B-E0CD-4342-921B-CEA0940610A1}"
EndProject
Project("{2150E333-8FDC-42A3-9474-1A3956D46DE8}") = "workfow", "workfow", "{92F8DAE8-06C6-4513-9B74-108BDAEE35FB}"
	ProjectSection(SolutionItems) = preProject
		workflow\user-registration-workflow.json = workflow\user-registration-workflow.json
	EndProjectSection
EndProject
Global
	GlobalSection(SolutionConfigurationPlatforms) = preSolution
		Debug|Any CPU = Debug|Any CPU
		Release|Any CPU = Release|Any CPU
	EndGlobalSection
	GlobalSection(ProjectConfigurationPlatforms) = postSolution
		{A0DDEEEC-9525-4F88-91A9-3B3460D030AE}.Debug|Any CPU.ActiveCfg = Debug|Any CPU
		{A0DDEEEC-9525-4F88-91A9-3B3460D030AE}.Debug|Any CPU.Build.0 = Debug|Any CPU
		{A0DDEEEC-9525-4F88-91A9-3B3460D030AE}.Release|Any CPU.ActiveCfg = Release|Any CPU
		{A0DDEEEC-9525-4F88-91A9-3B3460D030AE}.Release|Any CPU.Build.0 = Release|Any CPU
		{15C1626B-E0CD-4342-921B-CEA0940610A1}.Debug|Any CPU.ActiveCfg = Debug|Any CPU
		{15C1626B-E0CD-4342-921B-CEA0940610A1}.Debug|Any CPU.Build.0 = Debug|Any CPU
		{15C1626B-E0CD-4342-921B-CEA0940610A1}.Release|Any CPU.ActiveCfg = Release|Any CPU
		{15C1626B-E0CD-4342-921B-CEA0940610A1}.Release|Any CPU.Build.0 = Release|Any CPU
	EndGlobalSection
	GlobalSection(SolutionProperties) = preSolution
		HideSolutionNode = FALSE
	EndGlobalSection
	GlobalSection(ExtensibilityGlobals) = postSolution
		SolutionGuid = {4D5DF411-C1F0-4F89-A925-48AE2AA6D3BB}
	EndGlobalSection
EndGlobal
